// !$*UTF8*$!
{
	archiveVersion = 1;
	classes = {
	};
	objectVersion = 56;
	objects = {

/* Begin PBXBuildFile section */
		E015B69145109D09D312E377 /* src/about.cpp in Sources */ = {isa = PBXBuildFile; fileRef = BFFADD88A65A7B11EDB80539 /* src/about.cpp */; };
		80E57586DCB544227C1CABDF /* src/buffer.cpp in Sources */ = {isa = PBXBuildFile; fileRef = C86F6CC1055BDB790EAF9391 /* src/buffer.cpp */; };
		0A43D8A08722C77B52F0B06D /* src/compile.cpp in Sources */ = {isa = PBXBuildFile; fileRef = 21EAF0BF9D597F7DC1133386 /* src/compile.cpp */; };
		E8972C1703D4A93D3D2CB807 /* src/convert.cpp in Sources */ = {isa = PBXBuildFile; fileRef = 4DD5847B36D4350051C6300A /* src/convert.cpp */; };
		918F9C576EC8488A74A06534 /* src/debugger.cpp in Sources */ = {isa = PBXBuildFile; fileRef = DCA73A73779A1B6FFB39DF3B /* src/debugger.cpp */; };
		912A42F0E9DE315EF91C24BE /* src/demangle_win.cpp in Sources */ = {isa = PBXBuildFile; fileRef = 4749BF97F0C198EDAA3420DB /* src/demangle_win.cpp */; };
		AAB6E584544D1F0DE05BF405 /* src/editor.cpp in Sources */ = {isa = PBXBuildFile; fileRef = 918B5AC2612C91600B3165FA /* src/editor.cpp */; };
		078688230FB514EF4B7EF91B /* src/find.cpp in Sources */ = {isa = PBXBuildFile; fileRef = B83C549B95C854E29235B973 /* src/find.cpp */; };
		AAD91BFEA264405560B53E3F /* src/help.cpp in Sources */ = {isa = PBXBuildFile; fileRef = 85B8315131243FFB0AAAC3FC /* src/help.cpp */; };
		9CFFE109F8061BCAD8305D35 /* src/indent.cpp in Sources */ = {isa = PBXBuildFile; fileRef = 8AF3000BF4BDD81AB4DC3D5F /* src/indent.cpp */; };
		5042E705CDF3685E732ACCD4 /* src/json.cpp in Sources */ = {isa = PBXBuildFile; fileRef = 19CC2E5C6C40D6FE349E0667 /* src/json.cpp */; };
		8D5DEB5EEEAB3655B862B92F /* src/main.cpp in Sources */ = {isa = PBXBuildFile; fileRef = 538B5D1B91A7BE95650C3040 /* src/main.cpp */; };
		F7B35C55F11C411DC03D3FE7 /* src/menu.cpp in Sources */ = {isa = PBXBuildFile; fileRef = 4968BF73E5C2D51A97CA35B8 /* src/menu.cpp */; };
		A0D44BBCA2DFCC504416B1E3 /* src/path.cpp in Sources */ = {isa = PBXBuildFile; fileRef = D0E1779E6C5BE79C516412A3 /* src/path.cpp */; };
		317E8C7E05CE4003BD6511C5 /* src/process.cpp in Sources */ = {isa = PBXBuildFile; fileRef = F5DE32CF64F9E1479EF943CD /* src/process.cpp */; };
		10380FB61EFABE495BA307B1 /* src/project.cpp in Sources */ = {isa = PBXBuildFile; fileRef = 5A1195D97D5229F327AB06E6 /* src/project.cpp */; };
		B9A52EB25BEF6BC293AA5CBB /* src/settings.cpp in Sources */ = {isa = PBXBuildFile; fileRef = 55EE19F2CFD9D732E707E9B2 /* src/settings.cpp */; };
		EBBE79AC945AE7BFEC5A4D35 /* src/shalimar/channel.cpp in Sources */ = {isa = PBXBuildFile; fileRef = 3F756BB7D2005279339F5EA2 /* src/shalimar/channel.cpp */; };
		1AC8C2079FD39DE2E6E1D95F /* src/shalimar/session.cpp in Sources */ = {isa = PBXBuildFile; fileRef = CC2105F1B7160547CE37D172 /* src/shalimar/session.cpp */; };
		02620012EC1CBD6D97426027 /* src/symbols.cpp in Sources */ = {isa = PBXBuildFile; fileRef = 74FC35BD1219B582C830A8F5 /* src/symbols.cpp */; };
		7C428121D0D3E09BF17B9B47 /* src/syntax.cpp in Sources */ = {isa = PBXBuildFile; fileRef = B5CA71E7670AEFFC90563757 /* src/syntax.cpp */; };
		9D79086AADD50177F03863F4 /* src/terminal.cpp in Sources */ = {isa = PBXBuildFile; fileRef = D8490E2AA88AD30BA6F59D3A /* src/terminal.cpp */; };
		C2D11DC8F12413880D79D19B /* src/terminal_common.cpp in Sources */ = {isa = PBXBuildFile; fileRef = 221CE21A6E6A094EDB02146C /* src/terminal_common.cpp */; };
		33E56EC2F4D6775CA0B3C3F1 /* src/toolchain.cpp in Sources */ = {isa = PBXBuildFile; fileRef = CBA73DFAD6926D4024A04C34 /* src/toolchain.cpp */; };
		FEAED58504DD22A48E5F9CC2 /* src/tree.cpp in Sources */ = {isa = PBXBuildFile; fileRef = B71BF105044905B14EA2BFCC /* src/tree.cpp */; };
		DBE2AD57BCEA97DDDE283FEA /* src/utf8.cpp in Sources */ = {isa = PBXBuildFile; fileRef = 21AE74EF488F08F4D064ADB7 /* src/utf8.cpp */; };
		B64837D5D51982DEB27792E5 /* src/workspace.cpp in Sources */ = {isa = PBXBuildFile; fileRef = A6997C068C7A689B20B6B454 /* src/workspace.cpp */; };
/* End PBXBuildFile section */

/* Begin PBXFileReference section */
		BFFADD88A65A7B11EDB80539 /* src/about.cpp */ = {isa = PBXFileReference; lastKnownFileType = sourcecode.cpp.cpp; path = src/about.cpp; sourceTree = "<group>"; };
		C86F6CC1055BDB790EAF9391 /* src/buffer.cpp */ = {isa = PBXFileReference; lastKnownFileType = sourcecode.cpp.cpp; path = src/buffer.cpp; sourceTree = "<group>"; };
		21EAF0BF9D597F7DC1133386 /* src/compile.cpp */ = {isa = PBXFileReference; lastKnownFileType = sourcecode.cpp.cpp; path = src/compile.cpp; sourceTree = "<group>"; };
		4DD5847B36D4350051C6300A /* src/convert.cpp */ = {isa = PBXFileReference; lastKnownFileType = sourcecode.cpp.cpp; path = src/convert.cpp; sourceTree = "<group>"; };
		DCA73A73779A1B6FFB39DF3B /* src/debugger.cpp */ = {isa = PBXFileReference; lastKnownFileType = sourcecode.cpp.cpp; path = src/debugger.cpp; sourceTree = "<group>"; };
		4749BF97F0C198EDAA3420DB /* src/demangle_win.cpp */ = {isa = PBXFileReference; lastKnownFileType = sourcecode.cpp.cpp; path = src/demangle_win.cpp; sourceTree = "<group>"; };
		918B5AC2612C91600B3165FA /* src/editor.cpp */ = {isa = PBXFileReference; lastKnownFileType = sourcecode.cpp.cpp; path = src/editor.cpp; sourceTree = "<group>"; };
		B83C549B95C854E29235B973 /* src/find.cpp */ = {isa = PBXFileReference; lastKnownFileType = sourcecode.cpp.cpp; path = src/find.cpp; sourceTree = "<group>"; };
		85B8315131243FFB0AAAC3FC /* src/help.cpp */ = {isa = PBXFileReference; lastKnownFileType = sourcecode.cpp.cpp; path = src/help.cpp; sourceTree = "<group>"; };
		8AF3000BF4BDD81AB4DC3D5F /* src/indent.cpp */ = {isa = PBXFileReference; lastKnownFileType = sourcecode.cpp.cpp; path = src/indent.cpp; sourceTree = "<group>"; };
		19CC2E5C6C40D6FE349E0667 /* src/json.cpp */ = {isa = PBXFileReference; lastKnownFileType = sourcecode.cpp.cpp; path = src/json.cpp; sourceTree = "<group>"; };
		538B5D1B91A7BE95650C3040 /* src/main.cpp */ = {isa = PBXFileReference; lastKnownFileType = sourcecode.cpp.cpp; path = src/main.cpp; sourceTree = "<group>"; };
		4968BF73E5C2D51A97CA35B8 /* src/menu.cpp */ = {isa = PBXFileReference; lastKnownFileType = sourcecode.cpp.cpp; path = src/menu.cpp; sourceTree = "<group>"; };
		D0E1779E6C5BE79C516412A3 /* src/path.cpp */ = {isa = PBXFileReference; lastKnownFileType = sourcecode.cpp.cpp; path = src/path.cpp; sourceTree = "<group>"; };
		F5DE32CF64F9E1479EF943CD /* src/process.cpp */ = {isa = PBXFileReference; lastKnownFileType = sourcecode.cpp.cpp; path = src/process.cpp; sourceTree = "<group>"; };
		5A1195D97D5229F327AB06E6 /* src/project.cpp */ = {isa = PBXFileReference; lastKnownFileType = sourcecode.cpp.cpp; path = src/project.cpp; sourceTree = "<group>"; };
		55EE19F2CFD9D732E707E9B2 /* src/settings.cpp */ = {isa = PBXFileReference; lastKnownFileType = sourcecode.cpp.cpp; path = src/settings.cpp; sourceTree = "<group>"; };
		3F756BB7D2005279339F5EA2 /* src/shalimar/channel.cpp */ = {isa = PBXFileReference; lastKnownFileType = sourcecode.cpp.cpp; path = src/shalimar/channel.cpp; sourceTree = "<group>"; };
		CC2105F1B7160547CE37D172 /* src/shalimar/session.cpp */ = {isa = PBXFileReference; lastKnownFileType = sourcecode.cpp.cpp; path = src/shalimar/session.cpp; sourceTree = "<group>"; };
		74FC35BD1219B582C830A8F5 /* src/symbols.cpp */ = {isa = PBXFileReference; lastKnownFileType = sourcecode.cpp.cpp; path = src/symbols.cpp; sourceTree = "<group>"; };
		B5CA71E7670AEFFC90563757 /* src/syntax.cpp */ = {isa = PBXFileReference; lastKnownFileType = sourcecode.cpp.cpp; path = src/syntax.cpp; sourceTree = "<group>"; };
		D8490E2AA88AD30BA6F59D3A /* src/terminal.cpp */ = {isa = PBXFileReference; lastKnownFileType = sourcecode.cpp.cpp; path = src/terminal.cpp; sourceTree = "<group>"; };
		221CE21A6E6A094EDB02146C /* src/terminal_common.cpp */ = {isa = PBXFileReference; lastKnownFileType = sourcecode.cpp.cpp; path = src/terminal_common.cpp; sourceTree = "<group>"; };
		CBA73DFAD6926D4024A04C34 /* src/toolchain.cpp */ = {isa = PBXFileReference; lastKnownFileType = sourcecode.cpp.cpp; path = src/toolchain.cpp; sourceTree = "<group>"; };
		B71BF105044905B14EA2BFCC /* src/tree.cpp */ = {isa = PBXFileReference; lastKnownFileType = sourcecode.cpp.cpp; path = src/tree.cpp; sourceTree = "<group>"; };
		21AE74EF488F08F4D064ADB7 /* src/utf8.cpp */ = {isa = PBXFileReference; lastKnownFileType = sourcecode.cpp.cpp; path = src/utf8.cpp; sourceTree = "<group>"; };
		A6997C068C7A689B20B6B454 /* src/workspace.cpp */ = {isa = PBXFileReference; lastKnownFileType = sourcecode.cpp.cpp; path = src/workspace.cpp; sourceTree = "<group>"; };
		E973B228DD3A846DEAE8E8D3 /* src/about.h */ = {isa = PBXFileReference; lastKnownFileType = sourcecode.c.h; path = src/about.h; sourceTree = "<group>"; };
		1B5EB44A741DFFD2525AE1C6 /* src/buffer.h */ = {isa = PBXFileReference; lastKnownFileType = sourcecode.c.h; path = src/buffer.h; sourceTree = "<group>"; };
		650A4A41D1C1F489366CE5E2 /* src/compile.h */ = {isa = PBXFileReference; lastKnownFileType = sourcecode.c.h; path = src/compile.h; sourceTree = "<group>"; };
		87475EFCF12BD76F7011DE14 /* src/convert.h */ = {isa = PBXFileReference; lastKnownFileType = sourcecode.c.h; path = src/convert.h; sourceTree = "<group>"; };
		873BA592A41AA463A9B9E994 /* src/debugger.h */ = {isa = PBXFileReference; lastKnownFileType = sourcecode.c.h; path = src/debugger.h; sourceTree = "<group>"; };
		1435A6BCCF5E71153D9F9A8D /* src/editor.h */ = {isa = PBXFileReference; lastKnownFileType = sourcecode.c.h; path = src/editor.h; sourceTree = "<group>"; };
		A57C76E9F2FFB1E22DDAC64C /* src/find.h */ = {isa = PBXFileReference; lastKnownFileType = sourcecode.c.h; path = src/find.h; sourceTree = "<group>"; };
		1E78AE1C3CAB6D9F8D82C4C5 /* src/help.h */ = {isa = PBXFileReference; lastKnownFileType = sourcecode.c.h; path = src/help.h; sourceTree = "<group>"; };
		2E27E713CCCBA17C6984216C /* src/indent.h */ = {isa = PBXFileReference; lastKnownFileType = sourcecode.c.h; path = src/indent.h; sourceTree = "<group>"; };
		02A33E217FD333FB1B5C81A7 /* src/json.h */ = {isa = PBXFileReference; lastKnownFileType = sourcecode.c.h; path = src/json.h; sourceTree = "<group>"; };
		0EC7D0E46155DC11229B3A74 /* src/menu.h */ = {isa = PBXFileReference; lastKnownFileType = sourcecode.c.h; path = src/menu.h; sourceTree = "<group>"; };
		0DCCBCA79279550399768818 /* src/path.h */ = {isa = PBXFileReference; lastKnownFileType = sourcecode.c.h; path = src/path.h; sourceTree = "<group>"; };
		535E7D6D4A640F2396055849 /* src/process.h */ = {isa = PBXFileReference; lastKnownFileType = sourcecode.c.h; path = src/process.h; sourceTree = "<group>"; };
		A8EC7491BBC818BB9ADC8608 /* src/project.h */ = {isa = PBXFileReference; lastKnownFileType = sourcecode.c.h; path = src/project.h; sourceTree = "<group>"; };
		43A4BE783A32D36672149ABC /* src/settings.h */ = {isa = PBXFileReference; lastKnownFileType = sourcecode.c.h; path = src/settings.h; sourceTree = "<group>"; };
		3E989A3836043789DA1B92DA /* src/shalimar/channel.h */ = {isa = PBXFileReference; lastKnownFileType = sourcecode.c.h; path = src/shalimar/channel.h; sourceTree = "<group>"; };
		C2BFCCD2CCA01109BB26ABB2 /* src/shalimar/session.h */ = {isa = PBXFileReference; lastKnownFileType = sourcecode.c.h; path = src/shalimar/session.h; sourceTree = "<group>"; };
		2DE3544F32E4D84CB64E8689 /* src/symbols.h */ = {isa = PBXFileReference; lastKnownFileType = sourcecode.c.h; path = src/symbols.h; sourceTree = "<group>"; };
		39A402FE2CFB9F54BD573D78 /* src/syntax.h */ = {isa = PBXFileReference; lastKnownFileType = sourcecode.c.h; path = src/syntax.h; sourceTree = "<group>"; };
		39009C8DD2BE0C6863675995 /* src/terminal.h */ = {isa = PBXFileReference; lastKnownFileType = sourcecode.c.h; path = src/terminal.h; sourceTree = "<group>"; };
		F35B5E82196396A6CBB414F9 /* src/toolchain.h */ = {isa = PBXFileReference; lastKnownFileType = sourcecode.c.h; path = src/toolchain.h; sourceTree = "<group>"; };
		1FB377702D9D455A0ECFFC96 /* src/tree.h */ = {isa = PBXFileReference; lastKnownFileType = sourcecode.c.h; path = src/tree.h; sourceTree = "<group>"; };
		FCEAEAEAE0D3842C42B1F9AA /* src/utf8.h */ = {isa = PBXFileReference; lastKnownFileType = sourcecode.c.h; path = src/utf8.h; sourceTree = "<group>"; };
		995EF1784AA84428E41D623A /* src/workspace.h */ = {isa = PBXFileReference; lastKnownFileType = sourcecode.c.h; path = src/workspace.h; sourceTree = "<group>"; };
		7D3DCDDC1F56CA3A8133A72F /* RStudio.exe */ = {isa = PBXFileReference; explicitFileType = "compiled.mach-o.executable"; includeInIndex = 0; path = RStudio.exe; sourceTree = BUILT_PRODUCTS_DIR; };
		CBF1505F8E434A970C8CCCBC /* cc1.exe.xcodeproj */ = {isa = PBXFileReference; lastKnownFileType = "wrapper.pb-project"; name = cc1.exe.xcodeproj; path = ../Compiler-C/cc1.xcodeproj; sourceTree = "<group>"; };
		0CF12007761D2B13C30AA2B2 /* shc.exe.xcodeproj */ = {isa = PBXFileReference; lastKnownFileType = "wrapper.pb-project"; name = shc.exe.xcodeproj; path = ../Compiler-S/shc.xcodeproj; sourceTree = "<group>"; };
		F37F914312A3544D790C94C4 /* c2s.exe.xcodeproj */ = {isa = PBXFileReference; lastKnownFileType = "wrapper.pb-project"; name = c2s.exe.xcodeproj; path = ../Converter-C2S/c2s.xcodeproj; sourceTree = "<group>"; };
/* End PBXFileReference section */

/* Begin PBXContainerItemProxy section */
		7F8BF1984EEDE904FB532793 /* PBXContainerItemProxy */ = {
			isa = PBXContainerItemProxy;
			containerPortal = CBF1505F8E434A970C8CCCBC /* cc1.exe.xcodeproj */;
			proxyType = 2;
			remoteGlobalIDString = 0B2AA8C75983F5F017A0983A;
			remoteInfo = cc1.exe;
		};
		507013D911A0E20E653D2E0D /* PBXContainerItemProxy */ = {
			isa = PBXContainerItemProxy;
			containerPortal = CBF1505F8E434A970C8CCCBC /* cc1.exe.xcodeproj */;
			proxyType = 1;
			remoteGlobalIDString = 13A704A3342D8BFA7D8B141A;
			remoteInfo = cc1.exe;
		};
		32C71739C1D5E1E64990D710 /* PBXContainerItemProxy */ = {
			isa = PBXContainerItemProxy;
			containerPortal = 0CF12007761D2B13C30AA2B2 /* shc.exe.xcodeproj */;
			proxyType = 2;
			remoteGlobalIDString = FABB429FB93A3709F455747A;
			remoteInfo = shc.exe;
		};
		F8799391B181A46F891DD6B2 /* PBXContainerItemProxy */ = {
			isa = PBXContainerItemProxy;
			containerPortal = 0CF12007761D2B13C30AA2B2 /* shc.exe.xcodeproj */;
			proxyType = 1;
			remoteGlobalIDString = 8628CA1ABA46EA37FDA0030B;
			remoteInfo = shc.exe;
		};
		851837BF3743AD0E7555074F /* PBXContainerItemProxy */ = {
			isa = PBXContainerItemProxy;
			containerPortal = F37F914312A3544D790C94C4 /* c2s.exe.xcodeproj */;
			proxyType = 2;
			remoteGlobalIDString = 470A5A64FA1A080FF5389DEF;
			remoteInfo = c2s.exe;
		};
		EECD207F074CFE2C61F2CDCB /* PBXContainerItemProxy */ = {
			isa = PBXContainerItemProxy;
			containerPortal = F37F914312A3544D790C94C4 /* c2s.exe.xcodeproj */;
			proxyType = 1;
			remoteGlobalIDString = 60D0049A896606ADF3A4D294;
			remoteInfo = c2s.exe;
		};
/* End PBXContainerItemProxy section */

/* Begin PBXFrameworksBuildPhase section */
		0C803EAFB2DE81B70F415949 /* Frameworks */ = {
			isa = PBXFrameworksBuildPhase;
			buildActionMask = 2147483647;
			files = (
			);
			runOnlyForDeploymentPostprocessing = 0;
		};
/* End PBXFrameworksBuildPhase section */

/* Begin PBXGroup section */
		03FA18933DF6158A3CE1D91F = {
			isa = PBXGroup;
			children = (
				97FB948E4EAC59940BFC4C23 /* Sources */,
				CBF1505F8E434A970C8CCCBC /* cc1.exe.xcodeproj */,
				0CF12007761D2B13C30AA2B2 /* shc.exe.xcodeproj */,
				F37F914312A3544D790C94C4 /* c2s.exe.xcodeproj */,
				744890367C8084A94875E5BE /* Products */,
			);
			sourceTree = "<group>";
		};
		97FB948E4EAC59940BFC4C23 /* Sources */ = {
			isa = PBXGroup;
			children = (
				BFFADD88A65A7B11EDB80539 /* src/about.cpp */,
				C86F6CC1055BDB790EAF9391 /* src/buffer.cpp */,
				21EAF0BF9D597F7DC1133386 /* src/compile.cpp */,
				4DD5847B36D4350051C6300A /* src/convert.cpp */,
				DCA73A73779A1B6FFB39DF3B /* src/debugger.cpp */,
				4749BF97F0C198EDAA3420DB /* src/demangle_win.cpp */,
				918B5AC2612C91600B3165FA /* src/editor.cpp */,
				B83C549B95C854E29235B973 /* src/find.cpp */,
				85B8315131243FFB0AAAC3FC /* src/help.cpp */,
				8AF3000BF4BDD81AB4DC3D5F /* src/indent.cpp */,
				19CC2E5C6C40D6FE349E0667 /* src/json.cpp */,
				538B5D1B91A7BE95650C3040 /* src/main.cpp */,
				4968BF73E5C2D51A97CA35B8 /* src/menu.cpp */,
				D0E1779E6C5BE79C516412A3 /* src/path.cpp */,
				F5DE32CF64F9E1479EF943CD /* src/process.cpp */,
				5A1195D97D5229F327AB06E6 /* src/project.cpp */,
				55EE19F2CFD9D732E707E9B2 /* src/settings.cpp */,
				3F756BB7D2005279339F5EA2 /* src/shalimar/channel.cpp */,
				CC2105F1B7160547CE37D172 /* src/shalimar/session.cpp */,
				74FC35BD1219B582C830A8F5 /* src/symbols.cpp */,
				B5CA71E7670AEFFC90563757 /* src/syntax.cpp */,
				D8490E2AA88AD30BA6F59D3A /* src/terminal.cpp */,
				221CE21A6E6A094EDB02146C /* src/terminal_common.cpp */,
				CBA73DFAD6926D4024A04C34 /* src/toolchain.cpp */,
				B71BF105044905B14EA2BFCC /* src/tree.cpp */,
				21AE74EF488F08F4D064ADB7 /* src/utf8.cpp */,
				A6997C068C7A689B20B6B454 /* src/workspace.cpp */,
				E973B228DD3A846DEAE8E8D3 /* src/about.h */,
				1B5EB44A741DFFD2525AE1C6 /* src/buffer.h */,
				650A4A41D1C1F489366CE5E2 /* src/compile.h */,
				87475EFCF12BD76F7011DE14 /* src/convert.h */,
				873BA592A41AA463A9B9E994 /* src/debugger.h */,
				1435A6BCCF5E71153D9F9A8D /* src/editor.h */,
				A57C76E9F2FFB1E22DDAC64C /* src/find.h */,
				1E78AE1C3CAB6D9F8D82C4C5 /* src/help.h */,
				2E27E713CCCBA17C6984216C /* src/indent.h */,
				02A33E217FD333FB1B5C81A7 /* src/json.h */,
				0EC7D0E46155DC11229B3A74 /* src/menu.h */,
				0DCCBCA79279550399768818 /* src/path.h */,
				535E7D6D4A640F2396055849 /* src/process.h */,
				A8EC7491BBC818BB9ADC8608 /* src/project.h */,
				43A4BE783A32D36672149ABC /* src/settings.h */,
				3E989A3836043789DA1B92DA /* src/shalimar/channel.h */,
				C2BFCCD2CCA01109BB26ABB2 /* src/shalimar/session.h */,
				2DE3544F32E4D84CB64E8689 /* src/symbols.h */,
				39A402FE2CFB9F54BD573D78 /* src/syntax.h */,
				39009C8DD2BE0C6863675995 /* src/terminal.h */,
				F35B5E82196396A6CBB414F9 /* src/toolchain.h */,
				1FB377702D9D455A0ECFFC96 /* src/tree.h */,
				FCEAEAEAE0D3842C42B1F9AA /* src/utf8.h */,
				995EF1784AA84428E41D623A /* src/workspace.h */,
			);
			name = Sources;
			sourceTree = "<group>";
		};
		744890367C8084A94875E5BE /* Products */ = {
			isa = PBXGroup;
			children = (
				7D3DCDDC1F56CA3A8133A72F /* RStudio.exe */,
			);
			name = Products;
			sourceTree = "<group>";
		};
		C56C1CE51D444BDEAAFDD653 /* Products */ = {
			isa = PBXGroup;
			children = (
				9E64DBEC33C4030133D83BC4 /* cc1.exe */,
			);
			name = Products;
			sourceTree = "<group>";
		};
		E23FF50175724F7BD162AEA1 /* Products */ = {
			isa = PBXGroup;
			children = (
				200C65D80FBABB40A830E74A /* shc.exe */,
			);
			name = Products;
			sourceTree = "<group>";
		};
		13BCBFE1ABD034C942830BA8 /* Products */ = {
			isa = PBXGroup;
			children = (
				E602C1079D2A115AAC962085 /* c2s.exe */,
			);
			name = Products;
			sourceTree = "<group>";
		};
/* End PBXGroup section */

/* Begin PBXReferenceProxy section */
		9E64DBEC33C4030133D83BC4 /* cc1.exe */ = {
			isa = PBXReferenceProxy;
			fileType = "compiled.mach-o.executable";
			path = cc1.exe;
			remoteRef = 7F8BF1984EEDE904FB532793 /* PBXContainerItemProxy */;
			sourceTree = BUILT_PRODUCTS_DIR;
		};
		200C65D80FBABB40A830E74A /* shc.exe */ = {
			isa = PBXReferenceProxy;
			fileType = "compiled.mach-o.executable";
			path = shc.exe;
			remoteRef = 32C71739C1D5E1E64990D710 /* PBXContainerItemProxy */;
			sourceTree = BUILT_PRODUCTS_DIR;
		};
		E602C1079D2A115AAC962085 /* c2s.exe */ = {
			isa = PBXReferenceProxy;
			fileType = "compiled.mach-o.executable";
			path = c2s.exe;
			remoteRef = 851837BF3743AD0E7555074F /* PBXContainerItemProxy */;
			sourceTree = BUILT_PRODUCTS_DIR;
		};
/* End PBXReferenceProxy section */

/* Begin PBXNativeTarget section */
		631E6F90749859A11BF140CC /* RStudio.exe */ = {
			isa = PBXNativeTarget;
			buildConfigurationList = 9802722AC92ACA31C4C4767B;
			buildPhases = (
				424B8AF93D4B750A672BAC51 /* Sources */,
				0C803EAFB2DE81B70F415949 /* Frameworks */,
			);
			buildRules = (
			);
			dependencies = (
				2D94428F2DEC64F3AD33CDB5 /* PBXTargetDependency */,
				F3E42DA26B9285E6C32D11A2 /* PBXTargetDependency */,
				EF18CE9F2F4C0054317F0417 /* PBXTargetDependency */,
			);
			name = RStudio.exe;
			productName = RStudio.exe;
			productReference = 7D3DCDDC1F56CA3A8133A72F /* RStudio.exe */;
			productType = "com.apple.product-type.tool";
		};
/* End PBXNativeTarget section */

/* Begin PBXTargetDependency section */
		2D94428F2DEC64F3AD33CDB5 /* PBXTargetDependency */ = {
			isa = PBXTargetDependency;
			name = cc1.exe;
			targetProxy = 507013D911A0E20E653D2E0D /* PBXContainerItemProxy */;
		};
		F3E42DA26B9285E6C32D11A2 /* PBXTargetDependency */ = {
			isa = PBXTargetDependency;
			name = shc.exe;
			targetProxy = F8799391B181A46F891DD6B2 /* PBXContainerItemProxy */;
		};
		EF18CE9F2F4C0054317F0417 /* PBXTargetDependency */ = {
			isa = PBXTargetDependency;
			name = c2s.exe;
			targetProxy = EECD207F074CFE2C61F2CDCB /* PBXContainerItemProxy */;
		};
/* End PBXTargetDependency section */

/* Begin PBXProject section */
		C1DB56B34A6FC0374E46C8FF /* Project object */ = {
			isa = PBXProject;
			attributes = {
				BuildIndependentTargetsInParallel = 1;
				LastUpgradeCheck = 1600;
			};
			buildConfigurationList = 80ACD6370C90F5CE99F4DF9A;
			developmentRegion = en;
			hasScannedForEncodings = 0;
			knownRegions = (
				en,
				Base,
			);
			mainGroup = 03FA18933DF6158A3CE1D91F;
			productRefGroup = 744890367C8084A94875E5BE /* Products */;
			projectDirPath = "";
			projectReferences = (
				{
					ProductGroup = C56C1CE51D444BDEAAFDD653 /* Products */;
					ProjectRef = CBF1505F8E434A970C8CCCBC /* cc1.exe.xcodeproj */;
				},
				{
					ProductGroup = E23FF50175724F7BD162AEA1 /* Products */;
					ProjectRef = 0CF12007761D2B13C30AA2B2 /* shc.exe.xcodeproj */;
				},
				{
					ProductGroup = 13BCBFE1ABD034C942830BA8 /* Products */;
					ProjectRef = F37F914312A3544D790C94C4 /* c2s.exe.xcodeproj */;
				},
			);
			projectRoot = "";
			targets = (
				631E6F90749859A11BF140CC /* RStudio.exe */,
			);
		};
/* End PBXProject section */

/* Begin PBXSourcesBuildPhase section */
		424B8AF93D4B750A672BAC51 /* Sources */ = {
			isa = PBXSourcesBuildPhase;
			buildActionMask = 2147483647;
			files = (
				E015B69145109D09D312E377 /* src/about.cpp in Sources */,
				80E57586DCB544227C1CABDF /* src/buffer.cpp in Sources */,
				0A43D8A08722C77B52F0B06D /* src/compile.cpp in Sources */,
				E8972C1703D4A93D3D2CB807 /* src/convert.cpp in Sources */,
				918F9C576EC8488A74A06534 /* src/debugger.cpp in Sources */,
				912A42F0E9DE315EF91C24BE /* src/demangle_win.cpp in Sources */,
				AAB6E584544D1F0DE05BF405 /* src/editor.cpp in Sources */,
				078688230FB514EF4B7EF91B /* src/find.cpp in Sources */,
				AAD91BFEA264405560B53E3F /* src/help.cpp in Sources */,
				9CFFE109F8061BCAD8305D35 /* src/indent.cpp in Sources */,
				5042E705CDF3685E732ACCD4 /* src/json.cpp in Sources */,
				8D5DEB5EEEAB3655B862B92F /* src/main.cpp in Sources */,
				F7B35C55F11C411DC03D3FE7 /* src/menu.cpp in Sources */,
				A0D44BBCA2DFCC504416B1E3 /* src/path.cpp in Sources */,
				317E8C7E05CE4003BD6511C5 /* src/process.cpp in Sources */,
				10380FB61EFABE495BA307B1 /* src/project.cpp in Sources */,
				B9A52EB25BEF6BC293AA5CBB /* src/settings.cpp in Sources */,
				EBBE79AC945AE7BFEC5A4D35 /* src/shalimar/channel.cpp in Sources */,
				1AC8C2079FD39DE2E6E1D95F /* src/shalimar/session.cpp in Sources */,
				02620012EC1CBD6D97426027 /* src/symbols.cpp in Sources */,
				7C428121D0D3E09BF17B9B47 /* src/syntax.cpp in Sources */,
				9D79086AADD50177F03863F4 /* src/terminal.cpp in Sources */,
				C2D11DC8F12413880D79D19B /* src/terminal_common.cpp in Sources */,
				33E56EC2F4D6775CA0B3C3F1 /* src/toolchain.cpp in Sources */,
				FEAED58504DD22A48E5F9CC2 /* src/tree.cpp in Sources */,
				DBE2AD57BCEA97DDDE283FEA /* src/utf8.cpp in Sources */,
				B64837D5D51982DEB27792E5 /* src/workspace.cpp in Sources */,
			);
			runOnlyForDeploymentPostprocessing = 0;
		};
/* End PBXSourcesBuildPhase section */

/* Begin XCBuildConfiguration section */
		03FF99970B4E4CF216E4FA8E /* Debug */ = {
			isa = XCBuildConfiguration;
			buildSettings = {
				ALWAYS_SEARCH_USER_PATHS = NO;
				OBJROOT = "$(TMPDIR)/rstudio-xcode";
				SYMROOT = "$(TMPDIR)/rstudio-xcode";
				CLANG_CXX_LANGUAGE_STANDARD = "c++14";
				CLANG_ENABLE_OBJC_ARC = YES;
				CLANG_WARN_IMPLICIT_SIGN_CONVERSION = NO;
				CODE_SIGN_STYLE = Automatic;
				GCC_TREAT_WARNINGS_AS_ERRORS = YES;
				GCC_WARN_64_TO_32_BIT_CONVERSION = NO;
				MACOSX_DEPLOYMENT_TARGET = 10.15;
				PRODUCT_NAME = RStudio.exe;
				SDKROOT = macosx;
				USER_HEADER_SEARCH_PATHS = "$(SRCROOT)/src";
				WARNING_CFLAGS = (
					"-Wall",
					"-Wextra",
					"-pedantic",
				);
				DEBUG_INFORMATION_FORMAT = dwarf;
				GCC_OPTIMIZATION_LEVEL = 0;
			};
			name = Debug;
		};
		895B533CE569893B968F1E20 /* Release */ = {
			isa = XCBuildConfiguration;
			buildSettings = {
				ALWAYS_SEARCH_USER_PATHS = NO;
				OBJROOT = "$(TMPDIR)/rstudio-xcode";
				SYMROOT = "$(TMPDIR)/rstudio-xcode";
				CLANG_CXX_LANGUAGE_STANDARD = "c++14";
				CLANG_ENABLE_OBJC_ARC = YES;
				CLANG_WARN_IMPLICIT_SIGN_CONVERSION = NO;
				CODE_SIGN_STYLE = Automatic;
				GCC_TREAT_WARNINGS_AS_ERRORS = YES;
				GCC_WARN_64_TO_32_BIT_CONVERSION = NO;
				MACOSX_DEPLOYMENT_TARGET = 10.15;
				PRODUCT_NAME = RStudio.exe;
				SDKROOT = macosx;
				USER_HEADER_SEARCH_PATHS = "$(SRCROOT)/src";
				WARNING_CFLAGS = (
					"-Wall",
					"-Wextra",
					"-pedantic",
				);
				DEBUG_INFORMATION_FORMAT = "dwarf-with-dsym";
				GCC_OPTIMIZATION_LEVEL = 2;
			};
			name = Release;
		};
		267790BA3C98D870E5CD5366 /* Debug */ = {
			isa = XCBuildConfiguration;
			buildSettings = {
				ALWAYS_SEARCH_USER_PATHS = NO;
				OBJROOT = "$(TMPDIR)/rstudio-xcode";
				SYMROOT = "$(TMPDIR)/rstudio-xcode";
				CLANG_CXX_LANGUAGE_STANDARD = "c++14";
				CLANG_ENABLE_OBJC_ARC = YES;
				CLANG_WARN_IMPLICIT_SIGN_CONVERSION = NO;
				CODE_SIGN_STYLE = Automatic;
				GCC_TREAT_WARNINGS_AS_ERRORS = YES;
				GCC_WARN_64_TO_32_BIT_CONVERSION = NO;
				MACOSX_DEPLOYMENT_TARGET = 10.15;
				PRODUCT_NAME = RStudio.exe;
				SDKROOT = macosx;
				USER_HEADER_SEARCH_PATHS = "$(SRCROOT)/src";
				WARNING_CFLAGS = (
					"-Wall",
					"-Wextra",
					"-pedantic",
				);
				DEBUG_INFORMATION_FORMAT = dwarf;
				GCC_OPTIMIZATION_LEVEL = 0;
			};
			name = Debug;
		};
		6156EA12DF3EC9AC49E9BA25 /* Release */ = {
			isa = XCBuildConfiguration;
			buildSettings = {
				ALWAYS_SEARCH_USER_PATHS = NO;
				OBJROOT = "$(TMPDIR)/rstudio-xcode";
				SYMROOT = "$(TMPDIR)/rstudio-xcode";
				CLANG_CXX_LANGUAGE_STANDARD = "c++14";
				CLANG_ENABLE_OBJC_ARC = YES;
				CLANG_WARN_IMPLICIT_SIGN_CONVERSION = NO;
				CODE_SIGN_STYLE = Automatic;
				GCC_TREAT_WARNINGS_AS_ERRORS = YES;
				GCC_WARN_64_TO_32_BIT_CONVERSION = NO;
				MACOSX_DEPLOYMENT_TARGET = 10.15;
				PRODUCT_NAME = RStudio.exe;
				SDKROOT = macosx;
				USER_HEADER_SEARCH_PATHS = "$(SRCROOT)/src";
				WARNING_CFLAGS = (
					"-Wall",
					"-Wextra",
					"-pedantic",
				);
				DEBUG_INFORMATION_FORMAT = "dwarf-with-dsym";
				GCC_OPTIMIZATION_LEVEL = 2;
			};
			name = Release;
		};
/* End XCBuildConfiguration section */

/* Begin XCConfigurationList section */
		80ACD6370C90F5CE99F4DF9A /* project */ = {
			isa = XCConfigurationList;
			buildConfigurations = (
				03FF99970B4E4CF216E4FA8E /* Debug */,
				895B533CE569893B968F1E20 /* Release */,
			);
			defaultConfigurationIsVisible = 0;
			defaultConfigurationName = Debug;
		};
		9802722AC92ACA31C4C4767B /* target */ = {
			isa = XCConfigurationList;
			buildConfigurations = (
				267790BA3C98D870E5CD5366 /* Debug */,
				6156EA12DF3EC9AC49E9BA25 /* Release */,
			);
			defaultConfigurationIsVisible = 0;
			defaultConfigurationName = Debug;
		};
/* End XCConfigurationList section */
	};
	rootObject = C1DB56B34A6FC0374E46C8FF /* Project object */;
}
